
Microsoft Visual Studio Solution File, Format Version 11.00
# Visual Studio 2010
Project("{8BC9CEB8-8B4A-11D0-8D11-00A0C91BC942}") = "BarCodeProject", "BarCodeProject\BarCodeProject.vcxproj", "{D7F1AFE3-9038-4C13-83BD-9EF3F2060177}"
EndProject
Global
	GlobalSection(SolutionConfigurationPlatforms) = preSolution
		Debug|Win32 = Debug|Win32
		Release|Win32 = Release|Win32
	EndGlobalSection
	GlobalSection(ProjectConfigurationPlatforms) = postSolution
		{D7F1AFE3-9038-4C13-83BD-9EF3F2060177}.Debug|Win32.ActiveCfg = Debug|Win32
		{D7F1AFE3-9038-4C13-83BD-9EF3F2060177}.Debug|Win32.Build.0 = Debug|Win32
		{D7F1AFE3-9038-4C13-83BD-9EF3F2060177}.Release|Win32.ActiveCfg = Release|Win32
		{D7F1AFE3-9038-4C13-83BD-9EF3F2060177}.Release|Win32.Build.0 = Release|Win32
	EndGlobalSection
	GlobalSection(SolutionProperties) = preSolution
		HideSolutionNode = FALSE
	EndGlobalSection
EndGlobal
